
Microsoft Visual Studio Solution File, Format Version 12.00
# Visual Studio Version 16
VisualStudioVersion = 16.0.31829.152
MinimumVisualStudioVersion = 10.0.40219.1
Project("{FAE04EC0-301F-11D3-BF4B-00C04F79EFBC}") = "Less1", "Less1.csproj", "{14706006-B73F-49C7-BA5A-91117A72A41E}"
EndProject
Global
	GlobalSection(SolutionConfigurationPlatforms) = preSolution
		Debug|Any CPU = Debug|Any CPU
		Release|Any CPU = Release|Any CPU
	EndGlobalSection
	GlobalSection(ProjectConfigurationPlatforms) = postSolution
		{14706006-B73F-49C7-BA5A-91117A72A41E}.Debug|Any CPU.ActiveCfg = Debug|Any CPU
		{14706006-B73F-49C7-BA5A-91117A72A41E}.Debug|Any CPU.Build.0 = Debug|Any CPU
		{14706006-B73F-49C7-BA5A-91117A72A41E}.Release|Any CPU.ActiveCfg = Release|Any CPU
		{14706006-B73F-49C7-BA5A-91117A72A41E}.Release|Any CPU.Build.0 = Release|Any CPU
	EndGlobalSection
	GlobalSection(SolutionProperties) = preSolution
		HideSolutionNode = FALSE
	EndGlobalSection
	GlobalSection(ExtensibilityGlobals) = postSolution
		SolutionGuid = {C5E28EFE-7C50-4641-9058-06DD0EBA9798}
	EndGlobalSection
EndGlobal
